// !$*UTF8*$!
{
	archiveVersion = 1;
	classes = {
	};
	objectVersion = 51;
	objects = {

/* Begin PBXBuildFile section */
		5C4BB8A2EDE4776ACF13F338 /* Pods_HomeShare.framework in Frameworks */ = {isa = PBXBuildFile; fileRef = 8F35EF397E7703AEDCF0E592 /* Pods_HomeShare.framework */; };
		E60AFB132397D0DC00211C28 /* AppDelegate.swift in Sources */ = {isa = PBXBuildFile; fileRef = E60AFB122397D0DC00211C28 /* AppDelegate.swift */; };
		E60AFB152397D0DC00211C28 /* SceneDelegate.swift in Sources */ = {isa = PBXBuildFile; fileRef = E60AFB142397D0DC00211C28 /* SceneDelegate.swift */; };
		E60AFB172397D0DC00211C28 /* LoginView.swift in Sources */ = {isa = PBXBuildFile; fileRef = E60AFB162397D0DC00211C28 /* LoginView.swift */; };
		E60AFB192397D0DE00211C28 /* Assets.xcassets in Resources */ = {isa = PBXBuildFile; fileRef = E60AFB182397D0DE00211C28 /* Assets.xcassets */; };
		E60AFB1C2397D0DE00211C28 /* Preview Assets.xcassets in Resources */ = {isa = PBXBuildFile; fileRef = E60AFB1B2397D0DE00211C28 /* Preview Assets.xcassets */; };
		E60AFB1F2397D0DE00211C28 /* LaunchScreen.storyboard in Resources */ = {isa = PBXBuildFile; fileRef = E60AFB1D2397D0DE00211C28 /* LaunchScreen.storyboard */; };
		E61FD863239E8EC5003C8E1B /* DashboardView.swift in Sources */ = {isa = PBXBuildFile; fileRef = E61FD862239E8EC5003C8E1B /* DashboardView.swift */; };
		E63E157F23B516B90056F2AC /* ActivityIndicator.swift in Sources */ = {isa = PBXBuildFile; fileRef = E63E157E23B516B90056F2AC /* ActivityIndicator.swift */; };
		E63E158123B517150056F2AC /* LoadingView.swift in Sources */ = {isa = PBXBuildFile; fileRef = E63E158023B517150056F2AC /* LoadingView.swift */; };
		E64384D323AF68D70021D190 /* LoginViewModel.swift in Sources */ = {isa = PBXBuildFile; fileRef = E64384D223AF68D70021D190 /* LoginViewModel.swift */; };
		E653C10623991D6600EBB56F /* Typography.swift in Sources */ = {isa = PBXBuildFile; fileRef = E653C10523991D6600EBB56F /* Typography.swift */; };
		E653C10823991D8C00EBB56F /* ColorPalette.swift in Sources */ = {isa = PBXBuildFile; fileRef = E653C10723991D8C00EBB56F /* ColorPalette.swift */; };
		E662758A239A61C9002D8B0B /* ColorPalette.xcassets in Resources */ = {isa = PBXBuildFile; fileRef = E6627589239A61C9002D8B0B /* ColorPalette.xcassets */; };
		E668A66823AF9F900030741D /* RegisterViewModel.swift in Sources */ = {isa = PBXBuildFile; fileRef = E668A66723AF9F900030741D /* RegisterViewModel.swift */; };
		E66C145123B25812007FD7ED /* AuthErrorCode+ErrorDescriptions.swift in Sources */ = {isa = PBXBuildFile; fileRef = E66C145023B25812007FD7ED /* AuthErrorCode+ErrorDescriptions.swift */; };
		E66C145423B4F664007FD7ED /* MainTabView.swift in Sources */ = {isa = PBXBuildFile; fileRef = E66C145323B4F664007FD7ED /* MainTabView.swift */; };
		E6B756E523AE276B0003F107 /* RoundedButton.swift in Sources */ = {isa = PBXBuildFile; fileRef = E6B756E423AE276B0003F107 /* RoundedButton.swift */; };
		E6B756E823AE44610003F107 /* RegisterView.swift in Sources */ = {isa = PBXBuildFile; fileRef = E6B756E723AE44610003F107 /* RegisterView.swift */; };
		E6B756EE23AE6E0B0003F107 /* GoogleService-Info.plist in Resources */ = {isa = PBXBuildFile; fileRef = E6B756ED23AE6E0B0003F107 /* GoogleService-Info.plist */; };
		E6B756F223AE79700003F107 /* FirebaseManager.swift in Sources */ = {isa = PBXBuildFile; fileRef = E6B756F123AE79700003F107 /* FirebaseManager.swift */; };
		E6B756F523AE7AD10003F107 /* User.swift in Sources */ = {isa = PBXBuildFile; fileRef = E6B756F423AE7AD10003F107 /* User.swift */; };
/* End PBXBuildFile section */

/* Begin PBXFileReference section */
		6D8DD3F4FF8B3DFA511E22E9 /* Pods-HomeShare.debug.xcconfig */ = {isa = PBXFileReference; includeInIndex = 1; lastKnownFileType = text.xcconfig; name = "Pods-HomeShare.debug.xcconfig"; path = "Target Support Files/Pods-HomeShare/Pods-HomeShare.debug.xcconfig"; sourceTree = "<group>"; };
		8F35EF397E7703AEDCF0E592 /* Pods_HomeShare.framework */ = {isa = PBXFileReference; explicitFileType = wrapper.framework; includeInIndex = 0; path = Pods_HomeShare.framework; sourceTree = BUILT_PRODUCTS_DIR; };
		C5552327D2BB8E70F5AFD8C9 /* Pods-HomeShare.release.xcconfig */ = {isa = PBXFileReference; includeInIndex = 1; lastKnownFileType = text.xcconfig; name = "Pods-HomeShare.release.xcconfig"; path = "Target Support Files/Pods-HomeShare/Pods-HomeShare.release.xcconfig"; sourceTree = "<group>"; };
		E60AFB0F2397D0DC00211C28 /* HomeShare.app */ = {isa = PBXFileReference; explicitFileType = wrapper.application; includeInIndex = 0; path = HomeShare.app; sourceTree = BUILT_PRODUCTS_DIR; };
		E60AFB122397D0DC00211C28 /* AppDelegate.swift */ = {isa = PBXFileReference; lastKnownFileType = sourcecode.swift; path = AppDelegate.swift; sourceTree = "<group>"; };
		E60AFB142397D0DC00211C28 /* SceneDelegate.swift */ = {isa = PBXFileReference; lastKnownFileType = sourcecode.swift; path = SceneDelegate.swift; sourceTree = "<group>"; };
		E60AFB162397D0DC00211C28 /* LoginView.swift */ = {isa = PBXFileReference; lastKnownFileType = sourcecode.swift; path = LoginView.swift; sourceTree = "<group>"; };
		E60AFB182397D0DE00211C28 /* Assets.xcassets */ = {isa = PBXFileReference; lastKnownFileType = folder.assetcatalog; path = Assets.xcassets; sourceTree = "<group>"; };
		E60AFB1B2397D0DE00211C28 /* Preview Assets.xcassets */ = {isa = PBXFileReference; lastKnownFileType = folder.assetcatalog; path = "Preview Assets.xcassets"; sourceTree = "<group>"; };
		E60AFB1E2397D0DE00211C28 /* Base */ = {isa = PBXFileReference; lastKnownFileType = file.storyboard; name = Base; path = Base.lproj/LaunchScreen.storyboard; sourceTree = "<group>"; };
		E60AFB202397D0DE00211C28 /* Info.plist */ = {isa = PBXFileReference; lastKnownFileType = text.plist.xml; path = Info.plist; sourceTree = "<group>"; };
		E61FD862239E8EC5003C8E1B /* DashboardView.swift */ = {isa = PBXFileReference; lastKnownFileType = sourcecode.swift; path = DashboardView.swift; sourceTree = "<group>"; };
		E63E157E23B516B90056F2AC /* ActivityIndicator.swift */ = {isa = PBXFileReference; lastKnownFileType = sourcecode.swift; path = ActivityIndicator.swift; sourceTree = "<group>"; };
		E63E158023B517150056F2AC /* LoadingView.swift */ = {isa = PBXFileReference; lastKnownFileType = sourcecode.swift; path = LoadingView.swift; sourceTree = "<group>"; };
		E64384D223AF68D70021D190 /* LoginViewModel.swift */ = {isa = PBXFileReference; lastKnownFileType = sourcecode.swift; path = LoginViewModel.swift; sourceTree = "<group>"; };
		E653C10523991D6600EBB56F /* Typography.swift */ = {isa = PBXFileReference; lastKnownFileType = sourcecode.swift; path = Typography.swift; sourceTree = "<group>"; };
		E653C10723991D8C00EBB56F /* ColorPalette.swift */ = {isa = PBXFileReference; lastKnownFileType = sourcecode.swift; path = ColorPalette.swift; sourceTree = "<group>"; };
		E6627589239A61C9002D8B0B /* ColorPalette.xcassets */ = {isa = PBXFileReference; lastKnownFileType = folder.assetcatalog; path = ColorPalette.xcassets; sourceTree = "<group>"; };
		E668A66723AF9F900030741D /* RegisterViewModel.swift */ = {isa = PBXFileReference; lastKnownFileType = sourcecode.swift; path = RegisterViewModel.swift; sourceTree = "<group>"; };
		E66C145023B25812007FD7ED /* AuthErrorCode+ErrorDescriptions.swift */ = {isa = PBXFileReference; lastKnownFileType = sourcecode.swift; path = "AuthErrorCode+ErrorDescriptions.swift"; sourceTree = "<group>"; };
		E66C145323B4F664007FD7ED /* MainTabView.swift */ = {isa = PBXFileReference; lastKnownFileType = sourcecode.swift; path = MainTabView.swift; sourceTree = "<group>"; };
		E6B756E423AE276B0003F107 /* RoundedButton.swift */ = {isa = PBXFileReference; lastKnownFileType = sourcecode.swift; path = RoundedButton.swift; sourceTree = "<group>"; };
		E6B756E723AE44610003F107 /* RegisterView.swift */ = {isa = PBXFileReference; lastKnownFileType = sourcecode.swift; path = RegisterView.swift; sourceTree = "<group>"; };
		E6B756EC23AE6CAE0003F107 /* HomeShare.entitlements */ = {isa = PBXFileReference; lastKnownFileType = text.plist.entitlements; path = HomeShare.entitlements; sourceTree = "<group>"; };
		E6B756ED23AE6E0B0003F107 /* GoogleService-Info.plist */ = {isa = PBXFileReference; fileEncoding = 4; lastKnownFileType = text.plist.xml; path = "GoogleService-Info.plist"; sourceTree = "<group>"; };
		E6B756F123AE79700003F107 /* FirebaseManager.swift */ = {isa = PBXFileReference; lastKnownFileType = sourcecode.swift; path = FirebaseManager.swift; sourceTree = "<group>"; };
		E6B756F423AE7AD10003F107 /* User.swift */ = {isa = PBXFileReference; lastKnownFileType = sourcecode.swift; path = User.swift; sourceTree = "<group>"; };
/* End PBXFileReference section */

/* Begin PBXFrameworksBuildPhase section */
		E60AFB0C2397D0DC00211C28 /* Frameworks */ = {
			isa = PBXFrameworksBuildPhase;
			buildActionMask = 2147483647;
			files = (
				5C4BB8A2EDE4776ACF13F338 /* Pods_HomeShare.framework in Frameworks */,
			);
			runOnlyForDeploymentPostprocessing = 0;
		};
/* End PBXFrameworksBuildPhase section */

/* Begin PBXGroup section */
		0031C22BC5EE136CFFF47A71 /* Frameworks */ = {
			isa = PBXGroup;
			children = (
				8F35EF397E7703AEDCF0E592 /* Pods_HomeShare.framework */,
			);
			name = Frameworks;
			sourceTree = "<group>";
		};
		1C3A6088CC4B492FD0DCC52B /* Pods */ = {
			isa = PBXGroup;
			children = (
				6D8DD3F4FF8B3DFA511E22E9 /* Pods-HomeShare.debug.xcconfig */,
				C5552327D2BB8E70F5AFD8C9 /* Pods-HomeShare.release.xcconfig */,
			);
			path = Pods;
			sourceTree = "<group>";
		};
		E60AFB062397D0DC00211C28 = {
			isa = PBXGroup;
			children = (
				E60AFB112397D0DC00211C28 /* HomeShare */,
				E60AFB102397D0DC00211C28 /* Products */,
				1C3A6088CC4B492FD0DCC52B /* Pods */,
				0031C22BC5EE136CFFF47A71 /* Frameworks */,
			);
			sourceTree = "<group>";
		};
		E60AFB102397D0DC00211C28 /* Products */ = {
			isa = PBXGroup;
			children = (
				E60AFB0F2397D0DC00211C28 /* HomeShare.app */,
			);
			name = Products;
			sourceTree = "<group>";
		};
		E60AFB112397D0DC00211C28 /* HomeShare */ = {
			isa = PBXGroup;
			children = (
				E6B756EC23AE6CAE0003F107 /* HomeShare.entitlements */,
				E60AFB122397D0DC00211C28 /* AppDelegate.swift */,
				E60AFB142397D0DC00211C28 /* SceneDelegate.swift */,
				E66C144F23B25797007FD7ED /* Extensions */,
				E6B756F023AE76070003F107 /* Networking */,
				E61FD85F239E8E92003C8E1B /* Scenes */,
				E653C10923991DE600EBB56F /* Components */,
				E653C10423991D4800EBB56F /* DesignSystem */,
				E6B756F323AE7AC40003F107 /* Models */,
				E60AFB182397D0DE00211C28 /* Assets.xcassets */,
				E60AFB1D2397D0DE00211C28 /* LaunchScreen.storyboard */,
				E60AFB202397D0DE00211C28 /* Info.plist */,
				E6B756ED23AE6E0B0003F107 /* GoogleService-Info.plist */,
				E60AFB1A2397D0DE00211C28 /* Preview Content */,
			);
			path = HomeShare;
			sourceTree = "<group>";
		};
		E60AFB1A2397D0DE00211C28 /* Preview Content */ = {
			isa = PBXGroup;
			children = (
				E60AFB1B2397D0DE00211C28 /* Preview Assets.xcassets */,
			);
			path = "Preview Content";
			sourceTree = "<group>";
		};
		E61FD85F239E8E92003C8E1B /* Scenes */ = {
			isa = PBXGroup;
			children = (
				E66C145223B4F616007FD7ED /* MainTab */,
				E61FD861239E8EA9003C8E1B /* Dashboard */,
				E6B756E623AE444F0003F107 /* Register */,
				E61FD860239E8E98003C8E1B /* Login */,
			);
			path = Scenes;
			sourceTree = "<group>";
		};
		E61FD860239E8E98003C8E1B /* Login */ = {
			isa = PBXGroup;
			children = (
				E60AFB162397D0DC00211C28 /* LoginView.swift */,
				E64384D223AF68D70021D190 /* LoginViewModel.swift */,
			);
			path = Login;
			sourceTree = "<group>";
		};
		E61FD861239E8EA9003C8E1B /* Dashboard */ = {
			isa = PBXGroup;
			children = (
				E61FD862239E8EC5003C8E1B /* DashboardView.swift */,
			);
			path = Dashboard;
			sourceTree = "<group>";
		};
		E653C10423991D4800EBB56F /* DesignSystem */ = {
			isa = PBXGroup;
			children = (
				E6627588239A61AF002D8B0B /* Assets */,
				E653C10523991D6600EBB56F /* Typography.swift */,
				E653C10723991D8C00EBB56F /* ColorPalette.swift */,
			);
			path = DesignSystem;
			sourceTree = "<group>";
		};
		E653C10923991DE600EBB56F /* Components */ = {
			isa = PBXGroup;
			children = (
				E6B756E423AE276B0003F107 /* RoundedButton.swift */,
				E63E157E23B516B90056F2AC /* ActivityIndicator.swift */,
				E63E158023B517150056F2AC /* LoadingView.swift */,
			);
			path = Components;
			sourceTree = "<group>";
		};
		E6627588239A61AF002D8B0B /* Assets */ = {
			isa = PBXGroup;
			children = (
				E6627589239A61C9002D8B0B /* ColorPalette.xcassets */,
			);
			path = Assets;
			sourceTree = "<group>";
		};
		E66C144F23B25797007FD7ED /* Extensions */ = {
			isa = PBXGroup;
			children = (
				E66C145023B25812007FD7ED /* AuthErrorCode+ErrorDescriptions.swift */,
			);
			path = Extensions;
			sourceTree = "<group>";
		};
		E66C145223B4F616007FD7ED /* MainTab */ = {
			isa = PBXGroup;
			children = (
				E66C145323B4F664007FD7ED /* MainTabView.swift */,
			);
			path = MainTab;
			sourceTree = "<group>";
		};
		E6B756E623AE444F0003F107 /* Register */ = {
			isa = PBXGroup;
			children = (
				E6B756E723AE44610003F107 /* RegisterView.swift */,
				E668A66723AF9F900030741D /* RegisterViewModel.swift */,
			);
			path = Register;
			sourceTree = "<group>";
		};
		E6B756F023AE76070003F107 /* Networking */ = {
			isa = PBXGroup;
			children = (
				E6B756F123AE79700003F107 /* FirebaseManager.swift */,
			);
			path = Networking;
			sourceTree = "<group>";
		};
		E6B756F323AE7AC40003F107 /* Models */ = {
			isa = PBXGroup;
			children = (
				E6B756F423AE7AD10003F107 /* User.swift */,
			);
			path = Models;
			sourceTree = "<group>";
		};
/* End PBXGroup section */

/* Begin PBXNativeTarget section */
		E60AFB0E2397D0DC00211C28 /* HomeShare */ = {
			isa = PBXNativeTarget;
			buildConfigurationList = E60AFB232397D0DE00211C28 /* Build configuration list for PBXNativeTarget "HomeShare" */;
			buildPhases = (
				5B9C01459374AB2877B184CC /* [CP] Check Pods Manifest.lock */,
				E60AFB0B2397D0DC00211C28 /* Sources */,
				E60AFB0C2397D0DC00211C28 /* Frameworks */,
				E60AFB0D2397D0DC00211C28 /* Resources */,
				F85A92FBB3785CB3A5F1D741 /* [CP] Embed Pods Frameworks */,
			);
			buildRules = (
			);
			dependencies = (
			);
			name = HomeShare;
			productName = HomeShare;
			productReference = E60AFB0F2397D0DC00211C28 /* HomeShare.app */;
			productType = "com.apple.product-type.application";
		};
/* End PBXNativeTarget section */

/* Begin PBXProject section */
		E60AFB072397D0DC00211C28 /* Project object */ = {
			isa = PBXProject;
			attributes = {
				LastSwiftUpdateCheck = 1120;
				LastUpgradeCheck = 1120;
				ORGANIZATIONNAME = "Nikolaos Athanasiou";
				TargetAttributes = {
					E60AFB0E2397D0DC00211C28 = {
						CreatedOnToolsVersion = 11.2.1;
					};
				};
			};
			buildConfigurationList = E60AFB0A2397D0DC00211C28 /* Build configuration list for PBXProject "HomeShare" */;
			compatibilityVersion = "Xcode 9.3";
			developmentRegion = en;
			hasScannedForEncodings = 0;
			knownRegions = (
				en,
				Base,
			);
			mainGroup = E60AFB062397D0DC00211C28;
			productRefGroup = E60AFB102397D0DC00211C28 /* Products */;
			projectDirPath = "";
			projectRoot = "";
			targets = (
				E60AFB0E2397D0DC00211C28 /* HomeShare */,
			);
		};
/* End PBXProject section */

/* Begin PBXResourcesBuildPhase section */
		E60AFB0D2397D0DC00211C28 /* Resources */ = {
			isa = PBXResourcesBuildPhase;
			buildActionMask = 2147483647;
			files = (
				E60AFB1F2397D0DE00211C28 /* LaunchScreen.storyboard in Resources */,
				E60AFB1C2397D0DE00211C28 /* Preview Assets.xcassets in Resources */,
				E6B756EE23AE6E0B0003F107 /* GoogleService-Info.plist in Resources */,
				E60AFB192397D0DE00211C28 /* Assets.xcassets in Resources */,
				E662758A239A61C9002D8B0B /* ColorPalette.xcassets in Resources */,
			);
			runOnlyForDeploymentPostprocessing = 0;
		};
/* End PBXResourcesBuildPhase section */

/* Begin PBXShellScriptBuildPhase section */
		5B9C01459374AB2877B184CC /* [CP] Check Pods Manifest.lock */ = {
			isa = PBXShellScriptBuildPhase;
			buildActionMask = 2147483647;
			files = (
			);
			inputFileListPaths = (
			);
			inputPaths = (
				"${PODS_PODFILE_DIR_PATH}/Podfile.lock",
				"${PODS_ROOT}/Manifest.lock",
			);
			name = "[CP] Check Pods Manifest.lock";
			outputFileListPaths = (
			);
			outputPaths = (
				"$(DERIVED_FILE_DIR)/Pods-HomeShare-checkManifestLockResult.txt",
			);
			runOnlyForDeploymentPostprocessing = 0;
			shellPath = /bin/sh;
			shellScript = "diff \"${PODS_PODFILE_DIR_PATH}/Podfile.lock\" \"${PODS_ROOT}/Manifest.lock\" > /dev/null\nif [ $? != 0 ] ; then\n    # print error to STDERR\n    echo \"error: The sandbox is not in sync with the Podfile.lock. Run 'pod install' or update your CocoaPods installation.\" >&2\n    exit 1\nfi\n# This output is used by Xcode 'outputs' to avoid re-running this script phase.\necho \"SUCCESS\" > \"${SCRIPT_OUTPUT_FILE_0}\"\n";
			showEnvVarsInLog = 0;
		};
		F85A92FBB3785CB3A5F1D741 /* [CP] Embed Pods Frameworks */ = {
			isa = PBXShellScriptBuildPhase;
			buildActionMask = 2147483647;
			files = (
			);
			inputFileListPaths = (
				"${PODS_ROOT}/Target Support Files/Pods-HomeShare/Pods-HomeShare-frameworks-${CONFIGURATION}-input-files.xcfilelist",
			);
			name = "[CP] Embed Pods Frameworks";
			outputFileListPaths = (
				"${PODS_ROOT}/Target Support Files/Pods-HomeShare/Pods-HomeShare-frameworks-${CONFIGURATION}-output-files.xcfilelist",
			);
			runOnlyForDeploymentPostprocessing = 0;
			shellPath = /bin/sh;
			shellScript = "\"${PODS_ROOT}/Target Support Files/Pods-HomeShare/Pods-HomeShare-frameworks.sh\"\n";
			showEnvVarsInLog = 0;
		};
/* End PBXShellScriptBuildPhase section */

/* Begin PBXSourcesBuildPhase section */
		E60AFB0B2397D0DC00211C28 /* Sources */ = {
			isa = PBXSourcesBuildPhase;
			buildActionMask = 2147483647;
			files = (
				E6B756F223AE79700003F107 /* FirebaseManager.swift in Sources */,
				E63E157F23B516B90056F2AC /* ActivityIndicator.swift in Sources */,
				E66C145123B25812007FD7ED /* AuthErrorCode+ErrorDescriptions.swift in Sources */,
				E653C10823991D8C00EBB56F /* ColorPalette.swift in Sources */,
				E64384D323AF68D70021D190 /* LoginViewModel.swift in Sources */,
				E63E158123B517150056F2AC /* LoadingView.swift in Sources */,
				E61FD863239E8EC5003C8E1B /* DashboardView.swift in Sources */,
				E60AFB132397D0DC00211C28 /* AppDelegate.swift in Sources */,
				E60AFB152397D0DC00211C28 /* SceneDelegate.swift in Sources */,
				E60AFB172397D0DC00211C28 /* LoginView.swift in Sources */,
				E668A66823AF9F900030741D /* RegisterViewModel.swift in Sources */,
				E6B756E823AE44610003F107 /* RegisterView.swift in Sources */,
				E6B756E523AE276B0003F107 /* RoundedButton.swift in Sources */,
				E66C145423B4F664007FD7ED /* MainTabView.swift in Sources */,
				E6B756F523AE7AD10003F107 /* User.swift in Sources */,
				E653C10623991D6600EBB56F /* Typography.swift in Sources */,
			);
			runOnlyForDeploymentPostprocessing = 0;
		};
/* End PBXSourcesBuildPhase section */

/* Begin PBXVariantGroup section */
		E60AFB1D2397D0DE00211C28 /* LaunchScreen.storyboard */ = {
			isa = PBXVariantGroup;
			children = (
				E60AFB1E2397D0DE00211C28 /* Base */,
			);
			name = LaunchScreen.storyboard;
			sourceTree = "<group>";
		};
/* End PBXVariantGroup section */

/* Begin XCBuildConfiguration section */
		E60AFB212397D0DE00211C28 /* Debug */ = {
			isa = XCBuildConfiguration;
			buildSettings = {
				ALWAYS_SEARCH_USER_PATHS = NO;
				CLANG_ANALYZER_NONNULL = YES;
				CLANG_ANALYZER_NUMBER_OBJECT_CONVERSION = YES_AGGRESSIVE;
				CLANG_CXX_LANGUAGE_STANDARD = "gnu++14";
				CLANG_CXX_LIBRARY = "libc++";
				CLANG_ENABLE_MODULES = YES;
				CLANG_ENABLE_OBJC_ARC = YES;
				CLANG_ENABLE_OBJC_WEAK = YES;
				CLANG_WARN_BLOCK_CAPTURE_AUTORELEASING = YES;
				CLANG_WARN_BOOL_CONVERSION = YES;
				CLANG_WARN_COMMA = YES;
				CLANG_WARN_CONSTANT_CONVERSION = YES;
				CLANG_WARN_DEPRECATED_OBJC_IMPLEMENTATIONS = YES;
				CLANG_WARN_DIRECT_OBJC_ISA_USAGE = YES_ERROR;
				CLANG_WARN_DOCUMENTATION_COMMENTS = YES;
				CLANG_WARN_EMPTY_BODY = YES;
				CLANG_WARN_ENUM_CONVERSION = YES;
				CLANG_WARN_INFINITE_RECURSION = YES;
				CLANG_WARN_INT_CONVERSION = YES;
				CLANG_WARN_NON_LITERAL_NULL_CONVERSION = YES;
				CLANG_WARN_OBJC_IMPLICIT_RETAIN_SELF = YES;
				CLANG_WARN_OBJC_LITERAL_CONVERSION = YES;
				CLANG_WARN_OBJC_ROOT_CLASS = YES_ERROR;
				CLANG_WARN_RANGE_LOOP_ANALYSIS = YES;
				CLANG_WARN_STRICT_PROTOTYPES = YES;
				CLANG_WARN_SUSPICIOUS_MOVE = YES;
				CLANG_WARN_UNGUARDED_AVAILABILITY = YES_AGGRESSIVE;
				CLANG_WARN_UNREACHABLE_CODE = YES;
				CLANG_WARN__DUPLICATE_METHOD_MATCH = YES;
				COPY_PHASE_STRIP = NO;
				DEBUG_INFORMATION_FORMAT = dwarf;
				ENABLE_STRICT_OBJC_MSGSEND = YES;
				ENABLE_TESTABILITY = YES;
				GCC_C_LANGUAGE_STANDARD = gnu11;
				GCC_DYNAMIC_NO_PIC = NO;
				GCC_NO_COMMON_BLOCKS = YES;
				GCC_OPTIMIZATION_LEVEL = 0;
				GCC_PREPROCESSOR_DEFINITIONS = (
					"DEBUG=1",
					"$(inherited)",
				);
				GCC_WARN_64_TO_32_BIT_CONVERSION = YES;
				GCC_WARN_ABOUT_RETURN_TYPE = YES_ERROR;
				GCC_WARN_UNDECLARED_SELECTOR = YES;
				GCC_WARN_UNINITIALIZED_AUTOS = YES_AGGRESSIVE;
				GCC_WARN_UNUSED_FUNCTION = YES;
				GCC_WARN_UNUSED_VARIABLE = YES;
				IPHONEOS_DEPLOYMENT_TARGET = 13.2;
				MTL_ENABLE_DEBUG_INFO = INCLUDE_SOURCE;
				MTL_FAST_MATH = YES;
				ONLY_ACTIVE_ARCH = YES;
				SDKROOT = iphoneos;
				SWIFT_ACTIVE_COMPILATION_CONDITIONS = DEBUG;
				SWIFT_OPTIMIZATION_LEVEL = "-Onone";
				SWIFT_VERSION = 5.0;
			};
			name = Debug;
		};
		E60AFB222397D0DE00211C28 /* Release */ = {
			isa = XCBuildConfiguration;
			buildSettings = {
				ALWAYS_SEARCH_USER_PATHS = NO;
				CLANG_ANALYZER_NONNULL = YES;
				CLANG_ANALYZER_NUMBER_OBJECT_CONVERSION = YES_AGGRESSIVE;
				CLANG_CXX_LANGUAGE_STANDARD = "gnu++14";
				CLANG_CXX_LIBRARY = "libc++";
				CLANG_ENABLE_MODULES = YES;
				CLANG_ENABLE_OBJC_ARC = YES;
				CLANG_ENABLE_OBJC_WEAK = YES;
				CLANG_WARN_BLOCK_CAPTURE_AUTORELEASING = YES;
				CLANG_WARN_BOOL_CONVERSION = YES;
				CLANG_WARN_COMMA = YES;
				CLANG_WARN_CONSTANT_CONVERSION = YES;
				CLANG_WARN_DEPRECATED_OBJC_IMPLEMENTATIONS = YES;
				CLANG_WARN_DIRECT_OBJC_ISA_USAGE = YES_ERROR;
				CLANG_WARN_DOCUMENTATION_COMMENTS = YES;
				CLANG_WARN_EMPTY_BODY = YES;
				CLANG_WARN_ENUM_CONVERSION = YES;
				CLANG_WARN_INFINITE_RECURSION = YES;
				CLANG_WARN_INT_CONVERSION = YES;
				CLANG_WARN_NON_LITERAL_NULL_CONVERSION = YES;
				CLANG_WARN_OBJC_IMPLICIT_RETAIN_SELF = YES;
				CLANG_WARN_OBJC_LITERAL_CONVERSION = YES;
				CLANG_WARN_OBJC_ROOT_CLASS = YES_ERROR;
				CLANG_WARN_RANGE_LOOP_ANALYSIS = YES;
				CLANG_WARN_STRICT_PROTOTYPES = YES;
				CLANG_WARN_SUSPICIOUS_MOVE = YES;
				CLANG_WARN_UNGUARDED_AVAILABILITY = YES_AGGRESSIVE;
				CLANG_WARN_UNREACHABLE_CODE = YES;
				CLANG_WARN__DUPLICATE_METHOD_MATCH = YES;
				COPY_PHASE_STRIP = NO;
				DEBUG_INFORMATION_FORMAT = "dwarf-with-dsym";
				ENABLE_NS_ASSERTIONS = NO;
				ENABLE_STRICT_OBJC_MSGSEND = YES;
				GCC_C_LANGUAGE_STANDARD = gnu11;
				GCC_NO_COMMON_BLOCKS = YES;
				GCC_WARN_64_TO_32_BIT_CONVERSION = YES;
				GCC_WARN_ABOUT_RETURN_TYPE = YES_ERROR;
				GCC_WARN_UNDECLARED_SELECTOR = YES;
				GCC_WARN_UNINITIALIZED_AUTOS = YES_AGGRESSIVE;
				GCC_WARN_UNUSED_FUNCTION = YES;
				GCC_WARN_UNUSED_VARIABLE = YES;
				IPHONEOS_DEPLOYMENT_TARGET = 13.2;
				MTL_ENABLE_DEBUG_INFO = NO;
				MTL_FAST_MATH = YES;
				SDKROOT = iphoneos;
				SWIFT_COMPILATION_MODE = wholemodule;
				SWIFT_OPTIMIZATION_LEVEL = "-O";
				SWIFT_VERSION = 5.0;
				VALIDATE_PRODUCT = YES;
			};
			name = Release;
		};
		E60AFB242397D0DE00211C28 /* Debug */ = {
			isa = XCBuildConfiguration;
			baseConfigurationReference = 6D8DD3F4FF8B3DFA511E22E9 /* Pods-HomeShare.debug.xcconfig */;
			buildSettings = {
				ASSETCATALOG_COMPILER_APPICON_NAME = AppIcon;
				CODE_SIGN_ENTITLEMENTS = HomeShare/HomeShare.entitlements;
				CODE_SIGN_IDENTITY = "Apple Development";
				CODE_SIGN_STYLE = Automatic;
				DEVELOPMENT_ASSET_PATHS = "\"HomeShare/Preview Content\"";
				DEVELOPMENT_TEAM = X5PNQ55UN4;
				ENABLE_PREVIEWS = YES;
				INFOPLIST_FILE = HomeShare/Info.plist;
				LD_RUNPATH_SEARCH_PATHS = (
					"$(inherited)",
					"@executable_path/Frameworks",
				);
				PRODUCT_BUNDLE_IDENTIFIER = com.athanasiou.HomeShare;
				PRODUCT_NAME = "$(TARGET_NAME)";
				PROVISIONING_PROFILE_SPECIFIER = "";
				SWIFT_VERSION = 5.0;
				TARGETED_DEVICE_FAMILY = "1,2";
			};
			name = Debug;
		};
		E60AFB252397D0DE00211C28 /* Release */ = {
			isa = XCBuildConfiguration;
			baseConfigurationReference = C5552327D2BB8E70F5AFD8C9 /* Pods-HomeShare.release.xcconfig */;
			buildSettings = {
				ASSETCATALOG_COMPILER_APPICON_NAME = AppIcon;
				CODE_SIGN_ENTITLEMENTS = HomeShare/HomeShare.entitlements;
				CODE_SIGN_IDENTITY = "Apple Development";
				CODE_SIGN_STYLE = Automatic;
				DEVELOPMENT_ASSET_PATHS = "\"HomeShare/Preview Content\"";
				DEVELOPMENT_TEAM = X5PNQ55UN4;
				ENABLE_PREVIEWS = YES;
				INFOPLIST_FILE = HomeShare/Info.plist;
				LD_RUNPATH_SEARCH_PATHS = (
					"$(inherited)",
					"@executable_path/Frameworks",
				);
				PRODUCT_BUNDLE_IDENTIFIER = com.athanasiou.HomeShare;
				PRODUCT_NAME = "$(TARGET_NAME)";
				PROVISIONING_PROFILE_SPECIFIER = "";
				SWIFT_VERSION = 5.0;
				TARGETED_DEVICE_FAMILY = "1,2";
			};
			name = Release;
		};
/* End XCBuildConfiguration section */

/* Begin XCConfigurationList section */
		E60AFB0A2397D0DC00211C28 /* Build configuration list for PBXProject "HomeShare" */ = {
			isa = XCConfigurationList;
			buildConfigurations = (
				E60AFB212397D0DE00211C28 /* Debug */,
				E60AFB222397D0DE00211C28 /* Release */,
			);
			defaultConfigurationIsVisible = 0;
			defaultConfigurationName = Release;
		};
		E60AFB232397D0DE00211C28 /* Build configuration list for PBXNativeTarget "HomeShare" */ = {
			isa = XCConfigurationList;
			buildConfigurations = (
				E60AFB242397D0DE00211C28 /* Debug */,
				E60AFB252397D0DE00211C28 /* Release */,
			);
			defaultConfigurationIsVisible = 0;
			defaultConfigurationName = Release;
		};
/* End XCConfigurationList section */
	};
	rootObject = E60AFB072397D0DC00211C28 /* Project object */;
}
